
Microsoft Visual Studio Solution File, Format Version 12.00
# Visual Studio 15
VisualStudioVersion = 15.0.26403.7
MinimumVisualStudioVersion = 10.0.40219.1
Project("{8BC9CEB8-8B4A-11D0-8D11-00A0C91BC942}") = "The Game", "The Game\The Game.vcxproj", "{8E674BE1-0A53-4051-B79B-B765F362756E}"
EndProject
Global
	GlobalSection(SolutionConfigurationPlatforms) = preSolution
		Debug|x64 = Debug|x64
		Debug|x86 = Debug|x86
		Release|x64 = Release|x64
		Release|x86 = Release|x86
	EndGlobalSection
	GlobalSection(ProjectConfigurationPlatforms) = postSolution
		{8E674BE1-0A53-4051-B79B-B765F362756E}.Debug|x64.ActiveCfg = Debug|x64
		{8E674BE1-0A53-4051-B79B-B765F362756E}.Debug|x64.Build.0 = Debug|x64
		{8E674BE1-0A53-4051-B79B-B765F362756E}.Debug|x86.ActiveCfg = Debug|Win32
		{8E674BE1-0A53-4051-B79B-B765F362756E}.Debug|x86.Build.0 = Debug|Win32
		{8E674BE1-0A53-4051-B79B-B765F362756E}.Release|x64.ActiveCfg = Release|x64
		{8E674BE1-0A53-4051-B79B-B765F362756E}.Release|x64.Build.0 = Release|x64
		{8E674BE1-0A53-4051-B79B-B765F362756E}.Release|x86.ActiveCfg = Release|Win32
		{8E674BE1-0A53-4051-B79B-B765F362756E}.Release|x86.Build.0 = Release|Win32
	EndGlobalSection
	GlobalSection(SolutionProperties) = preSolution
		HideSolutionNode = FALSE
	EndGlobalSection
EndGlobal
